// !$*UTF8*$!
{
	archiveVersion = 1;
	classes = {
	};
	objectVersion = 55;
	objects = {

/* Begin PBXBuildFile section */
		DE1E22122766F2640030EC26 /* AppDelegate.swift in Sources */ = {isa = PBXBuildFile; fileRef = DE1E22112766F2640030EC26 /* AppDelegate.swift */; };
		DE1E22142766F2640030EC26 /* SceneDelegate.swift in Sources */ = {isa = PBXBuildFile; fileRef = DE1E22132766F2640030EC26 /* SceneDelegate.swift */; };
		DE1E22162766F2640030EC26 /* ViewController.swift in Sources */ = {isa = PBXBuildFile; fileRef = DE1E22152766F2640030EC26 /* ViewController.swift */; };
		DE1E22192766F2640030EC26 /* Main.storyboard in Resources */ = {isa = PBXBuildFile; fileRef = DE1E22172766F2640030EC26 /* Main.storyboard */; };
		DE1E221B2766F2650030EC26 /* Assets.xcassets in Resources */ = {isa = PBXBuildFile; fileRef = DE1E221A2766F2650030EC26 /* Assets.xcassets */; };
		DE1E221E2766F2650030EC26 /* LaunchScreen.storyboard in Resources */ = {isa = PBXBuildFile; fileRef = DE1E221C2766F2650030EC26 /* LaunchScreen.storyboard */; };
		DE1E22292766F2650030EC26 /* FINALTests.swift in Sources */ = {isa = PBXBuildFile; fileRef = DE1E22282766F2650030EC26 /* FINALTests.swift */; };
		DE1E22332766F2650030EC26 /* FINALUITests.swift in Sources */ = {isa = PBXBuildFile; fileRef = DE1E22322766F2650030EC26 /* FINALUITests.swift */; };
		DE1E22352766F2650030EC26 /* FINALUITestsLaunchTests.swift in Sources */ = {isa = PBXBuildFile; fileRef = DE1E22342766F2650030EC26 /* FINALUITestsLaunchTests.swift */; };
/* End PBXBuildFile section */

/* Begin PBXContainerItemProxy section */
		DE1E22252766F2650030EC26 /* PBXContainerItemProxy */ = {
			isa = PBXContainerItemProxy;
			containerPortal = DE1E22062766F2640030EC26 /* Project object */;
			proxyType = 1;
			remoteGlobalIDString = DE1E220D2766F2640030EC26;
			remoteInfo = FINAL;
		};
		DE1E222F2766F2650030EC26 /* PBXContainerItemProxy */ = {
			isa = PBXContainerItemProxy;
			containerPortal = DE1E22062766F2640030EC26 /* Project object */;
			proxyType = 1;
			remoteGlobalIDString = DE1E220D2766F2640030EC26;
			remoteInfo = FINAL;
		};
/* End PBXContainerItemProxy section */

/* Begin PBXFileReference section */
		DE1E220E2766F2640030EC26 /* FINAL.app */ = {isa = PBXFileReference; explicitFileType = wrapper.application; includeInIndex = 0; path = FINAL.app; sourceTree = BUILT_PRODUCTS_DIR; };
		DE1E22112766F2640030EC26 /* AppDelegate.swift */ = {isa = PBXFileReference; lastKnownFileType = sourcecode.swift; path = AppDelegate.swift; sourceTree = "<group>"; };
		DE1E22132766F2640030EC26 /* SceneDelegate.swift */ = {isa = PBXFileReference; lastKnownFileType = sourcecode.swift; path = SceneDelegate.swift; sourceTree = "<group>"; };
		DE1E22152766F2640030EC26 /* ViewController.swift */ = {isa = PBXFileReference; lastKnownFileType = sourcecode.swift; path = ViewController.swift; sourceTree = "<group>"; };
		DE1E22182766F2640030EC26 /* Base */ = {isa = PBXFileReference; lastKnownFileType = file.storyboard; name = Base; path = Base.lproj/Main.storyboard; sourceTree = "<group>"; };
		DE1E221A2766F2650030EC26 /* Assets.xcassets */ = {isa = PBXFileReference; lastKnownFileType = folder.assetcatalog; path = Assets.xcassets; sourceTree = "<group>"; };
		DE1E221D2766F2650030EC26 /* Base */ = {isa = PBXFileReference; lastKnownFileType = file.storyboard; name = Base; path = Base.lproj/LaunchScreen.storyboard; sourceTree = "<group>"; };
		DE1E221F2766F2650030EC26 /* Info.plist */ = {isa = PBXFileReference; lastKnownFileType = text.plist.xml; path = Info.plist; sourceTree = "<group>"; };
		DE1E22242766F2650030EC26 /* FINALTests.xctest */ = {isa = PBXFileReference; explicitFileType = wrapper.cfbundle; includeInIndex = 0; path = FINALTests.xctest; sourceTree = BUILT_PRODUCTS_DIR; };
		DE1E22282766F2650030EC26 /* FINALTests.swift */ = {isa = PBXFileReference; lastKnownFileType = sourcecode.swift; path = FINALTests.swift; sourceTree = "<group>"; };
		DE1E222E2766F2650030EC26 /* FINALUITests.xctest */ = {isa = PBXFileReference; explicitFileType = wrapper.cfbundle; includeInIndex = 0; path = FINALUITests.xctest; sourceTree = BUILT_PRODUCTS_DIR; };
		DE1E22322766F2650030EC26 /* FINALUITests.swift */ = {isa = PBXFileReference; lastKnownFileType = sourcecode.swift; path = FINALUITests.swift; sourceTree = "<group>"; };
		DE1E22342766F2650030EC26 /* FINALUITestsLaunchTests.swift */ = {isa = PBXFileReference; lastKnownFileType = sourcecode.swift; path = FINALUITestsLaunchTests.swift; sourceTree = "<group>"; };
/* End PBXFileReference section */

/* Begin PBXFrameworksBuildPhase section */
		DE1E220B2766F2640030EC26 /* Frameworks */ = {
			isa = PBXFrameworksBuildPhase;
			buildActionMask = 2147483647;
			files = (
			);
			runOnlyForDeploymentPostprocessing = 0;
		};
		DE1E22212766F2650030EC26 /* Frameworks */ = {
			isa = PBXFrameworksBuildPhase;
			buildActionMask = 2147483647;
			files = (
			);
			runOnlyForDeploymentPostprocessing = 0;
		};
		DE1E222B2766F2650030EC26 /* Frameworks */ = {
			isa = PBXFrameworksBuildPhase;
			buildActionMask = 2147483647;
			files = (
			);
			runOnlyForDeploymentPostprocessing = 0;
		};
/* End PBXFrameworksBuildPhase section */

/* Begin PBXGroup section */
		DE1E22052766F2640030EC26 = {
			isa = PBXGroup;
			children = (
				DE1E22102766F2640030EC26 /* FINAL */,
				DE1E22272766F2650030EC26 /* FINALTests */,
				DE1E22312766F2650030EC26 /* FINALUITests */,
				DE1E220F2766F2640030EC26 /* Products */,
			);
			sourceTree = "<group>";
		};
		DE1E220F2766F2640030EC26 /* Products */ = {
			isa = PBXGroup;
			children = (
				DE1E220E2766F2640030EC26 /* FINAL.app */,
				DE1E22242766F2650030EC26 /* FINALTests.xctest */,
				DE1E222E2766F2650030EC26 /* FINALUITests.xctest */,
			);
			name = Products;
			sourceTree = "<group>";
		};
		DE1E22102766F2640030EC26 /* FINAL */ = {
			isa = PBXGroup;
			children = (
				DE1E22112766F2640030EC26 /* AppDelegate.swift */,
				DE1E22132766F2640030EC26 /* SceneDelegate.swift */,
				DE1E22152766F2640030EC26 /* ViewController.swift */,
				DE1E22172766F2640030EC26 /* Main.storyboard */,
				DE1E221A2766F2650030EC26 /* Assets.xcassets */,
				DE1E221C2766F2650030EC26 /* LaunchScreen.storyboard */,
				DE1E221F2766F2650030EC26 /* Info.plist */,
			);
			path = FINAL;
			sourceTree = "<group>";
		};
		DE1E22272766F2650030EC26 /* FINALTests */ = {
			isa = PBXGroup;
			children = (
				DE1E22282766F2650030EC26 /* FINALTests.swift */,
			);
			path = FINALTests;
			sourceTree = "<group>";
		};
		DE1E22312766F2650030EC26 /* FINALUITests */ = {
			isa = PBXGroup;
			children = (
				DE1E22322766F2650030EC26 /* FINALUITests.swift */,
				DE1E22342766F2650030EC26 /* FINALUITestsLaunchTests.swift */,
			);
			path = FINALUITests;
			sourceTree = "<group>";
		};
/* End PBXGroup section */

/* Begin PBXNativeTarget section */
		DE1E220D2766F2640030EC26 /* FINAL */ = {
			isa = PBXNativeTarget;
			buildConfigurationList = DE1E22382766F2650030EC26 /* Build configuration list for PBXNativeTarget "FINAL" */;
			buildPhases = (
				DE1E220A2766F2640030EC26 /* Sources */,
				DE1E220B2766F2640030EC26 /* Frameworks */,
				DE1E220C2766F2640030EC26 /* Resources */,
			);
			buildRules = (
			);
			dependencies = (
			);
			name = FINAL;
			productName = FINAL;
			productReference = DE1E220E2766F2640030EC26 /* FINAL.app */;
			productType = "com.apple.product-type.application";
		};
		DE1E22232766F2650030EC26 /* FINALTests */ = {
			isa = PBXNativeTarget;
			buildConfigurationList = DE1E223B2766F2650030EC26 /* Build configuration list for PBXNativeTarget "FINALTests" */;
			buildPhases = (
				DE1E22202766F2650030EC26 /* Sources */,
				DE1E22212766F2650030EC26 /* Frameworks */,
				DE1E22222766F2650030EC26 /* Resources */,
			);
			buildRules = (
			);
			dependencies = (
				DE1E22262766F2650030EC26 /* PBXTargetDependency */,
			);
			name = FINALTests;
			productName = FINALTests;
			productReference = DE1E22242766F2650030EC26 /* FINALTests.xctest */;
			productType = "com.apple.product-type.bundle.unit-test";
		};
		DE1E222D2766F2650030EC26 /* FINALUITests */ = {
			isa = PBXNativeTarget;
			buildConfigurationList = DE1E223E2766F2650030EC26 /* Build configuration list for PBXNativeTarget "FINALUITests" */;
			buildPhases = (
				DE1E222A2766F2650030EC26 /* Sources */,
				DE1E222B2766F2650030EC26 /* Frameworks */,
				DE1E222C2766F2650030EC26 /* Resources */,
			);
			buildRules = (
			);
			dependencies = (
				DE1E22302766F2650030EC26 /* PBXTargetDependency */,
			);
			name = FINALUITests;
			productName = FINALUITests;
			productReference = DE1E222E2766F2650030EC26 /* FINALUITests.xctest */;
			productType = "com.apple.product-type.bundle.ui-testing";
		};
/* End PBXNativeTarget section */

/* Begin PBXProject section */
		DE1E22062766F2640030EC26 /* Project object */ = {
			isa = PBXProject;
			attributes = {
				BuildIndependentTargetsInParallel = 1;
				LastSwiftUpdateCheck = 1300;
				LastUpgradeCheck = 1300;
				TargetAttributes = {
					DE1E220D2766F2640030EC26 = {
						CreatedOnToolsVersion = 13.0;
					};
					DE1E22232766F2650030EC26 = {
						CreatedOnToolsVersion = 13.0;
						TestTargetID = DE1E220D2766F2640030EC26;
					};
					DE1E222D2766F2650030EC26 = {
						CreatedOnToolsVersion = 13.0;
						TestTargetID = DE1E220D2766F2640030EC26;
					};
				};
			};
			buildConfigurationList = DE1E22092766F2640030EC26 /* Build configuration list for PBXProject "FINAL" */;
			compatibilityVersion = "Xcode 13.0";
			developmentRegion = en;
			hasScannedForEncodings = 0;
			knownRegions = (
				en,
				Base,
			);
			mainGroup = DE1E22052766F2640030EC26;
			productRefGroup = DE1E220F2766F2640030EC26 /* Products */;
			projectDirPath = "";
			projectRoot = "";
			targets = (
				DE1E220D2766F2640030EC26 /* FINAL */,
				DE1E22232766F2650030EC26 /* FINALTests */,
				DE1E222D2766F2650030EC26 /* FINALUITests */,
			);
		};
/* End PBXProject section */

/* Begin PBXResourcesBuildPhase section */
		DE1E220C2766F2640030EC26 /* Resources */ = {
			isa = PBXResourcesBuildPhase;
			buildActionMask = 2147483647;
			files = (
				DE1E221E2766F2650030EC26 /* LaunchScreen.storyboard in Resources */,
				DE1E221B2766F2650030EC26 /* Assets.xcassets in Resources */,
				DE1E22192766F2640030EC26 /* Main.storyboard in Resources */,
			);
			runOnlyForDeploymentPostprocessing = 0;
		};
		DE1E22222766F2650030EC26 /* Resources */ = {
			isa = PBXResourcesBuildPhase;
			buildActionMask = 2147483647;
			files = (
			);
			runOnlyForDeploymentPostprocessing = 0;
		};
		DE1E222C2766F2650030EC26 /* Resources */ = {
			isa = PBXResourcesBuildPhase;
			buildActionMask = 2147483647;
			files = (
			);
			runOnlyForDeploymentPostprocessing = 0;
		};
/* End PBXResourcesBuildPhase section */

/* Begin PBXSourcesBuildPhase section */
		DE1E220A2766F2640030EC26 /* Sources */ = {
			isa = PBXSourcesBuildPhase;
			buildActionMask = 2147483647;
			files = (
				DE1E22162766F2640030EC26 /* ViewController.swift in Sources */,
				DE1E22122766F2640030EC26 /* AppDelegate.swift in Sources */,
				DE1E22142766F2640030EC26 /* SceneDelegate.swift in Sources */,
			);
			runOnlyForDeploymentPostprocessing = 0;
		};
		DE1E22202766F2650030EC26 /* Sources */ = {
			isa = PBXSourcesBuildPhase;
			buildActionMask = 2147483647;
			files = (
				DE1E22292766F2650030EC26 /* FINALTests.swift in Sources */,
			);
			runOnlyForDeploymentPostprocessing = 0;
		};
		DE1E222A2766F2650030EC26 /* Sources */ = {
			isa = PBXSourcesBuildPhase;
			buildActionMask = 2147483647;
			files = (
				DE1E22332766F2650030EC26 /* FINALUITests.swift in Sources */,
				DE1E22352766F2650030EC26 /* FINALUITestsLaunchTests.swift in Sources */,
			);
			runOnlyForDeploymentPostprocessing = 0;
		};
/* End PBXSourcesBuildPhase section */

/* Begin PBXTargetDependency section */
		DE1E22262766F2650030EC26 /* PBXTargetDependency */ = {
			isa = PBXTargetDependency;
			target = DE1E220D2766F2640030EC26 /* FINAL */;
			targetProxy = DE1E22252766F2650030EC26 /* PBXContainerItemProxy */;
		};
		DE1E22302766F2650030EC26 /* PBXTargetDependency */ = {
			isa = PBXTargetDependency;
			target = DE1E220D2766F2640030EC26 /* FINAL */;
			targetProxy = DE1E222F2766F2650030EC26 /* PBXContainerItemProxy */;
		};
/* End PBXTargetDependency section */

/* Begin PBXVariantGroup section */
		DE1E22172766F2640030EC26 /* Main.storyboard */ = {
			isa = PBXVariantGroup;
			children = (
				DE1E22182766F2640030EC26 /* Base */,
			);
			name = Main.storyboard;
			sourceTree = "<group>";
		};
		DE1E221C2766F2650030EC26 /* LaunchScreen.storyboard */ = {
			isa = PBXVariantGroup;
			children = (
				DE1E221D2766F2650030EC26 /* Base */,
			);
			name = LaunchScreen.storyboard;
			sourceTree = "<group>";
		};
/* End PBXVariantGroup section */

/* Begin XCBuildConfiguration section */
		DE1E22362766F2650030EC26 /* Debug */ = {
			isa = XCBuildConfiguration;
			buildSettings = {
				ALWAYS_SEARCH_USER_PATHS = NO;
				CLANG_ANALYZER_NONNULL = YES;
				CLANG_ANALYZER_NUMBER_OBJECT_CONVERSION = YES_AGGRESSIVE;
				CLANG_CXX_LANGUAGE_STANDARD = "gnu++17";
				CLANG_CXX_LIBRARY = "libc++";
				CLANG_ENABLE_MODULES = YES;
				CLANG_ENABLE_OBJC_ARC = YES;
				CLANG_ENABLE_OBJC_WEAK = YES;
				CLANG_WARN_BLOCK_CAPTURE_AUTORELEASING = YES;
				CLANG_WARN_BOOL_CONVERSION = YES;
				CLANG_WARN_COMMA = YES;
				CLANG_WARN_CONSTANT_CONVERSION = YES;
				CLANG_WARN_DEPRECATED_OBJC_IMPLEMENTATIONS = YES;
				CLANG_WARN_DIRECT_OBJC_ISA_USAGE = YES_ERROR;
				CLANG_WARN_DOCUMENTATION_COMMENTS = YES;
				CLANG_WARN_EMPTY_BODY = YES;
				CLANG_WARN_ENUM_CONVERSION = YES;
				CLANG_WARN_INFINITE_RECURSION = YES;
				CLANG_WARN_INT_CONVERSION = YES;
				CLANG_WARN_NON_LITERAL_NULL_CONVERSION = YES;
				CLANG_WARN_OBJC_IMPLICIT_RETAIN_SELF = YES;
				CLANG_WARN_OBJC_LITERAL_CONVERSION = YES;
				CLANG_WARN_OBJC_ROOT_CLASS = YES_ERROR;
				CLANG_WARN_QUOTED_INCLUDE_IN_FRAMEWORK_HEADER = YES;
				CLANG_WARN_RANGE_LOOP_ANALYSIS = YES;
				CLANG_WARN_STRICT_PROTOTYPES = YES;
				CLANG_WARN_SUSPICIOUS_MOVE = YES;
				CLANG_WARN_UNGUARDED_AVAILABILITY = YES_AGGRESSIVE;
				CLANG_WARN_UNREACHABLE_CODE = YES;
				CLANG_WARN__DUPLICATE_METHOD_MATCH = YES;
				COPY_PHASE_STRIP = NO;
				DEBUG_INFORMATION_FORMAT = dwarf;
				ENABLE_STRICT_OBJC_MSGSEND = YES;
				ENABLE_TESTABILITY = YES;
				GCC_C_LANGUAGE_STANDARD = gnu11;
				GCC_DYNAMIC_NO_PIC = NO;
				GCC_NO_COMMON_BLOCKS = YES;
				GCC_OPTIMIZATION_LEVEL = 0;
				GCC_PREPROCESSOR_DEFINITIONS = (
					"DEBUG=1",
					"$(inherited)",
				);
				GCC_WARN_64_TO_32_BIT_CONVERSION = YES;
				GCC_WARN_ABOUT_RETURN_TYPE = YES_ERROR;
				GCC_WARN_UNDECLARED_SELECTOR = YES;
				GCC_WARN_UNINITIALIZED_AUTOS = YES_AGGRESSIVE;
				GCC_WARN_UNUSED_FUNCTION = YES;
				GCC_WARN_UNUSED_VARIABLE = YES;
				IPHONEOS_DEPLOYMENT_TARGET = 15.0;
				MTL_ENABLE_DEBUG_INFO = INCLUDE_SOURCE;
				MTL_FAST_MATH = YES;
				ONLY_ACTIVE_ARCH = YES;
				SDKROOT = iphoneos;
				SWIFT_ACTIVE_COMPILATION_CONDITIONS = DEBUG;
				SWIFT_OPTIMIZATION_LEVEL = "-Onone";
			};
			name = Debug;
		};
		DE1E22372766F2650030EC26 /* Release */ = {
			isa = XCBuildConfiguration;
			buildSettings = {
				ALWAYS_SEARCH_USER_PATHS = NO;
				CLANG_ANALYZER_NONNULL = YES;
				CLANG_ANALYZER_NUMBER_OBJECT_CONVERSION = YES_AGGRESSIVE;
				CLANG_CXX_LANGUAGE_STANDARD = "gnu++17";
				CLANG_CXX_LIBRARY = "libc++";
				CLANG_ENABLE_MODULES = YES;
				CLANG_ENABLE_OBJC_ARC = YES;
				CLANG_ENABLE_OBJC_WEAK = YES;
				CLANG_WARN_BLOCK_CAPTURE_AUTORELEASING = YES;
				CLANG_WARN_BOOL_CONVERSION = YES;
				CLANG_WARN_COMMA = YES;
				CLANG_WARN_CONSTANT_CONVERSION = YES;
				CLANG_WARN_DEPRECATED_OBJC_IMPLEMENTATIONS = YES;
				CLANG_WARN_DIRECT_OBJC_ISA_USAGE = YES_ERROR;
				CLANG_WARN_DOCUMENTATION_COMMENTS = YES;
				CLANG_WARN_EMPTY_BODY = YES;
				CLANG_WARN_ENUM_CONVERSION = YES;
				CLANG_WARN_INFINITE_RECURSION = YES;
				CLANG_WARN_INT_CONVERSION = YES;
				CLANG_WARN_NON_LITERAL_NULL_CONVERSION = YES;
				CLANG_WARN_OBJC_IMPLICIT_RETAIN_SELF = YES;
				CLANG_WARN_OBJC_LITERAL_CONVERSION = YES;
				CLANG_WARN_OBJC_ROOT_CLASS = YES_ERROR;
				CLANG_WARN_QUOTED_INCLUDE_IN_FRAMEWORK_HEADER = YES;
				CLANG_WARN_RANGE_LOOP_ANALYSIS = YES;
				CLANG_WARN_STRICT_PROTOTYPES = YES;
				CLANG_WARN_SUSPICIOUS_MOVE = YES;
				CLANG_WARN_UNGUARDED_AVAILABILITY = YES_AGGRESSIVE;
				CLANG_WARN_UNREACHABLE_CODE = YES;
				CLANG_WARN__DUPLICATE_METHOD_MATCH = YES;
				COPY_PHASE_STRIP = NO;
				DEBUG_INFORMATION_FORMAT = "dwarf-with-dsym";
				ENABLE_NS_ASSERTIONS = NO;
				ENABLE_STRICT_OBJC_MSGSEND = YES;
				GCC_C_LANGUAGE_STANDARD = gnu11;
				GCC_NO_COMMON_BLOCKS = YES;
				GCC_WARN_64_TO_32_BIT_CONVERSION = YES;
				GCC_WARN_ABOUT_RETURN_TYPE = YES_ERROR;
				GCC_WARN_UNDECLARED_SELECTOR = YES;
				GCC_WARN_UNINITIALIZED_AUTOS = YES_AGGRESSIVE;
				GCC_WARN_UNUSED_FUNCTION = YES;
				GCC_WARN_UNUSED_VARIABLE = YES;
				IPHONEOS_DEPLOYMENT_TARGET = 15.0;
				MTL_ENABLE_DEBUG_INFO = NO;
				MTL_FAST_MATH = YES;
				SDKROOT = iphoneos;
				SWIFT_COMPILATION_MODE = wholemodule;
				SWIFT_OPTIMIZATION_LEVEL = "-O";
				VALIDATE_PRODUCT = YES;
			};
			name = Release;
		};
		DE1E22392766F2650030EC26 /* Debug */ = {
			isa = XCBuildConfiguration;
			buildSettings = {
				ASSETCATALOG_COMPILER_APPICON_NAME = AppIcon;
				ASSETCATALOG_COMPILER_GLOBAL_ACCENT_COLOR_NAME = AccentColor;
				CODE_SIGN_STYLE = Automatic;
				CURRENT_PROJECT_VERSION = 1;
				GENERATE_INFOPLIST_FILE = YES;
				INFOPLIST_FILE = FINAL/Info.plist;
				INFOPLIST_KEY_UIApplicationSupportsIndirectInputEvents = YES;
				INFOPLIST_KEY_UILaunchStoryboardName = LaunchScreen;
				INFOPLIST_KEY_UIMainStoryboardFile = Main;
				INFOPLIST_KEY_UISupportedInterfaceOrientations_iPad = "UIInterfaceOrientationPortrait UIInterfaceOrientationPortraitUpsideDown UIInterfaceOrientationLandscapeLeft UIInterfaceOrientationLandscapeRight";
				INFOPLIST_KEY_UISupportedInterfaceOrientations_iPhone = "UIInterfaceOrientationPortrait UIInterfaceOrientationLandscapeLeft UIInterfaceOrientationLandscapeRight";
				LD_RUNPATH_SEARCH_PATHS = (
					"$(inherited)",
					"@executable_path/Frameworks",
				);
				MARKETING_VERSION = 1.0;
				PRODUCT_BUNDLE_IDENTIFIER = org.Iondir.FINAL;
				PRODUCT_NAME = "$(TARGET_NAME)";
				SWIFT_EMIT_LOC_STRINGS = YES;
				SWIFT_VERSION = 5.0;
				TARGETED_DEVICE_FAMILY = "1,2";
			};
			name = Debug;
		};
		DE1E223A2766F2650030EC26 /* Release */ = {
			isa = XCBuildConfiguration;
			buildSettings = {
				ASSETCATALOG_COMPILER_APPICON_NAME = AppIcon;
				ASSETCATALOG_COMPILER_GLOBAL_ACCENT_COLOR_NAME = AccentColor;
				CODE_SIGN_STYLE = Automatic;
				CURRENT_PROJECT_VERSION = 1;
				GENERATE_INFOPLIST_FILE = YES;
				INFOPLIST_FILE = FINAL/Info.plist;
				INFOPLIST_KEY_UIApplicationSupportsIndirectInputEvents = YES;
				INFOPLIST_KEY_UILaunchStoryboardName = LaunchScreen;
				INFOPLIST_KEY_UIMainStoryboardFile = Main;
				INFOPLIST_KEY_UISupportedInterfaceOrientations_iPad = "UIInterfaceOrientationPortrait UIInterfaceOrientationPortraitUpsideDown UIInterfaceOrientationLandscapeLeft UIInterfaceOrientationLandscapeRight";
				INFOPLIST_KEY_UISupportedInterfaceOrientations_iPhone = "UIInterfaceOrientationPortrait UIInterfaceOrientationLandscapeLeft UIInterfaceOrientationLandscapeRight";
				LD_RUNPATH_SEARCH_PATHS = (
					"$(inherited)",
					"@executable_path/Frameworks",
				);
				MARKETING_VERSION = 1.0;
				PRODUCT_BUNDLE_IDENTIFIER = org.Iondir.FINAL;
				PRODUCT_NAME = "$(TARGET_NAME)";
				SWIFT_EMIT_LOC_STRINGS = YES;
				SWIFT_VERSION = 5.0;
				TARGETED_DEVICE_FAMILY = "1,2";
			};
			name = Release;
		};
		DE1E223C2766F2650030EC26 /* Debug */ = {
			isa = XCBuildConfiguration;
			buildSettings = {
				ALWAYS_EMBED_SWIFT_STANDARD_LIBRARIES = YES;
				BUNDLE_LOADER = "$(TEST_HOST)";
				CODE_SIGN_STYLE = Automatic;
				CURRENT_PROJECT_VERSION = 1;
				GENERATE_INFOPLIST_FILE = YES;
				IPHONEOS_DEPLOYMENT_TARGET = 15.0;
				LD_RUNPATH_SEARCH_PATHS = (
					"$(inherited)",
					"@executable_path/Frameworks",
					"@loader_path/Frameworks",
				);
				MARKETING_VERSION = 1.0;
				PRODUCT_BUNDLE_IDENTIFIER = org.Iondir.FINALTests;
				PRODUCT_NAME = "$(TARGET_NAME)";
				SWIFT_EMIT_LOC_STRINGS = NO;
				SWIFT_VERSION = 5.0;
				TARGETED_DEVICE_FAMILY = "1,2";
				TEST_HOST = "$(BUILT_PRODUCTS_DIR)/FINAL.app/FINAL";
			};
			name = Debug;
		};
		DE1E223D2766F2650030EC26 /* Release */ = {
			isa = XCBuildConfiguration;
			buildSettings = {
				ALWAYS_EMBED_SWIFT_STANDARD_LIBRARIES = YES;
				BUNDLE_LOADER = "$(TEST_HOST)";
				CODE_SIGN_STYLE = Automatic;
				CURRENT_PROJECT_VERSION = 1;
				GENERATE_INFOPLIST_FILE = YES;
				IPHONEOS_DEPLOYMENT_TARGET = 15.0;
				LD_RUNPATH_SEARCH_PATHS = (
					"$(inherited)",
					"@executable_path/Frameworks",
					"@loader_path/Frameworks",
				);
				MARKETING_VERSION = 1.0;
				PRODUCT_BUNDLE_IDENTIFIER = org.Iondir.FINALTests;
				PRODUCT_NAME = "$(TARGET_NAME)";
				SWIFT_EMIT_LOC_STRINGS = NO;
				SWIFT_VERSION = 5.0;
				TARGETED_DEVICE_FAMILY = "1,2";
				TEST_HOST = "$(BUILT_PRODUCTS_DIR)/FINAL.app/FINAL";
			};
			name = Release;
		};
		DE1E223F2766F2650030EC26 /* Debug */ = {
			isa = XCBuildConfiguration;
			buildSettings = {
				ALWAYS_EMBED_SWIFT_STANDARD_LIBRARIES = YES;
				CODE_SIGN_STYLE = Automatic;
				CURRENT_PROJECT_VERSION = 1;
				GENERATE_INFOPLIST_FILE = YES;
				LD_RUNPATH_SEARCH_PATHS = (
					"$(inherited)",
					"@executable_path/Frameworks",
					"@loader_path/Frameworks",
				);
				MARKETING_VERSION = 1.0;
				PRODUCT_BUNDLE_IDENTIFIER = org.Iondir.FINALUITests;
				PRODUCT_NAME = "$(TARGET_NAME)";
				SWIFT_EMIT_LOC_STRINGS = NO;
				SWIFT_VERSION = 5.0;
				TARGETED_DEVICE_FAMILY = "1,2";
				TEST_TARGET_NAME = FINAL;
			};
			name = Debug;
		};
		DE1E22402766F2650030EC26 /* Release */ = {
			isa = XCBuildConfiguration;
			buildSettings = {
				ALWAYS_EMBED_SWIFT_STANDARD_LIBRARIES = YES;
				CODE_SIGN_STYLE = Automatic;
				CURRENT_PROJECT_VERSION = 1;
				GENERATE_INFOPLIST_FILE = YES;
				LD_RUNPATH_SEARCH_PATHS = (
					"$(inherited)",
					"@executable_path/Frameworks",
					"@loader_path/Frameworks",
				);
				MARKETING_VERSION = 1.0;
				PRODUCT_BUNDLE_IDENTIFIER = org.Iondir.FINALUITests;
				PRODUCT_NAME = "$(TARGET_NAME)";
				SWIFT_EMIT_LOC_STRINGS = NO;
				SWIFT_VERSION = 5.0;
				TARGETED_DEVICE_FAMILY = "1,2";
				TEST_TARGET_NAME = FINAL;
			};
			name = Release;
		};
/* End XCBuildConfiguration section */

/* Begin XCConfigurationList section */
		DE1E22092766F2640030EC26 /* Build configuration list for PBXProject "FINAL" */ = {
			isa = XCConfigurationList;
			buildConfigurations = (
				DE1E22362766F2650030EC26 /* Debug */,
				DE1E22372766F2650030EC26 /* Release */,
			);
			defaultConfigurationIsVisible = 0;
			defaultConfigurationName = Release;
		};
		DE1E22382766F2650030EC26 /* Build configuration list for PBXNativeTarget "FINAL" */ = {
			isa = XCConfigurationList;
			buildConfigurations = (
				DE1E22392766F2650030EC26 /* Debug */,
				DE1E223A2766F2650030EC26 /* Release */,
			);
			defaultConfigurationIsVisible = 0;
			defaultConfigurationName = Release;
		};
		DE1E223B2766F2650030EC26 /* Build configuration list for PBXNativeTarget "FINALTests" */ = {
			isa = XCConfigurationList;
			buildConfigurations = (
				DE1E223C2766F2650030EC26 /* Debug */,
				DE1E223D2766F2650030EC26 /* Release */,
			);
			defaultConfigurationIsVisible = 0;
			defaultConfigurationName = Release;
		};
		DE1E223E2766F2650030EC26 /* Build configuration list for PBXNativeTarget "FINALUITests" */ = {
			isa = XCConfigurationList;
			buildConfigurations = (
				DE1E223F2766F2650030EC26 /* Debug */,
				DE1E22402766F2650030EC26 /* Release */,
			);
			defaultConfigurationIsVisible = 0;
			defaultConfigurationName = Release;
		};
/* End XCConfigurationList section */
	};
	rootObject = DE1E22062766F2640030EC26 /* Project object */;
}
